
Microsoft Visual Studio Solution File, Format Version 12.00
# Visual Studio Version 16
VisualStudioVersion = 16.0.29123.89
MinimumVisualStudioVersion = 10.0.40219.1
Project("{2150E333-8FDC-42A3-9474-1A3956D46DE8}") = "src", "src", "{4D13764A-A545-4A86-B00C-42C0676111A9}"
EndProject
Project("{FAE04EC0-301F-11D3-BF4B-00C04F79EFBC}") = "ConductorDotnetClient", "ConductorDotnetClient\ConductorDotnetClient.csproj", "{A6AD4061-F0E4-4D3D-8EFE-E2D65EA70959}"
EndProject
Project("{FAE04EC0-301F-11D3-BF4B-00C04F79EFBC}") = "Demo", "Demo\Demo.csproj", "{B37BB7A0-7CF4-4133-B801-0EE6E4AE8384}"
EndProject
Global
	GlobalSection(SolutionConfigurationPlatforms) = preSolution
		Debug|Any CPU = Debug|Any CPU
		Release|Any CPU = Release|Any CPU
	EndGlobalSection
	GlobalSection(ProjectConfigurationPlatforms) = postSolution
		{A6AD4061-F0E4-4D3D-8EFE-E2D65EA70959}.Debug|Any CPU.ActiveCfg = Debug|Any CPU
		{A6AD4061-F0E4-4D3D-8EFE-E2D65EA70959}.Debug|Any CPU.Build.0 = Debug|Any CPU
		{A6AD4061-F0E4-4D3D-8EFE-E2D65EA70959}.Release|Any CPU.ActiveCfg = Release|Any CPU
		{A6AD4061-F0E4-4D3D-8EFE-E2D65EA70959}.Release|Any CPU.Build.0 = Release|Any CPU
		{B37BB7A0-7CF4-4133-B801-0EE6E4AE8384}.Debug|Any CPU.ActiveCfg = Debug|Any CPU
		{B37BB7A0-7CF4-4133-B801-0EE6E4AE8384}.Debug|Any CPU.Build.0 = Debug|Any CPU
		{B37BB7A0-7CF4-4133-B801-0EE6E4AE8384}.Release|Any CPU.ActiveCfg = Release|Any CPU
		{B37BB7A0-7CF4-4133-B801-0EE6E4AE8384}.Release|Any CPU.Build.0 = Release|Any CPU
	EndGlobalSection
	GlobalSection(SolutionProperties) = preSolution
		HideSolutionNode = FALSE
	EndGlobalSection
	GlobalSection(NestedProjects) = preSolution
		{A6AD4061-F0E4-4D3D-8EFE-E2D65EA70959} = {4D13764A-A545-4A86-B00C-42C0676111A9}
		{B37BB7A0-7CF4-4133-B801-0EE6E4AE8384} = {4D13764A-A545-4A86-B00C-42C0676111A9}
	EndGlobalSection
	GlobalSection(ExtensibilityGlobals) = postSolution
		SolutionGuid = {40725804-A629-4438-97BE-B850DDD1A3B3}
	EndGlobalSection
EndGlobal
